{
  "name": "assemblyscript-benchmarks",
  "version": "1.0.0",
  "lockfileVersion": 1,
  "requires": true,
  "dependencies": {
    "@assemblyscript/loader": {
      "version": "0.18.31",
      "resolved": "https://registry.npmjs.org/@assemblyscript/loader/-/loader-0.18.31.tgz",
      "integrity": "sha512-BrPyjojTj7ReaDUiDzfbm0Ei/2OoF2ZimcvxTGSQ7IrVKld/c/7w1DcFJjaLj1eBaartP2TBEzaf7iky+UiDYA=="
    },
    "assemblyscript": {
      "version": "0.18.31",
      "resolved": "https://registry.npmjs.org/assemblyscript/-/assemblyscript-0.18.31.tgz",
      "integrity": "sha512-4MtKf1nnmY0eh+v4PKVnIjT8HPTRBqJqACW3kXQoDztyFBLHN1WxGSgZ9iPsLbm/6xKNYD0l6j9y03PoMv+Qog==",
      "dev": true,
      "requires": {
        "binaryen": "100.0.0-nightly.20210413",
        "long": "^4.0.0"
      }
    },
    "benchmark": {
      "version": "2.1.4",
      "resolved": "https://registry.npmjs.org/benchmark/-/benchmark-2.1.4.tgz",
      "integrity": "sha1-CfPeMckWQl1JjMLuVloOvzwqVik=",
      "requires": {
        "lodash": "^4.17.4",
        "platform": "^1.3.3"
      }
    },
    "binaryen": {
      "version": "100.0.0-nightly.20210413",
      "resolved": "https://registry.npmjs.org/binaryen/-/binaryen-100.0.0-nightly.20210413.tgz",
      "integrity": "sha512-EeGLIxQmJS0xnYl+SH34mNBqVMoixKd9nsE7S7z+CtS9A4eoWn3Qjav+XElgunUgXIHAI5yLnYT2TUGnLX2f1w==",
      "dev": true
    },
    "lodash": {
      "version": "4.17.21",
      "resolved": "https://registry.npmjs.org/lodash/-/lodash-4.17.21.tgz",
      "integrity": "sha512-v2kDEe57lecTulaDIuNTPy3Ry4gLGJ6Z1O3vE1krgXZNrsQ+LFTGHVxVjcXPs17LhbZVGedAJv8XZ1tvj5FvSg=="
    },
    "long": {
      "version": "4.0.0",
      "resolved": "https://registry.npmjs.org/long/-/long-4.0.0.tgz",
      "integrity": "sha512-XsP+KhQif4bjX1kbuSiySJFNAehNxgLb6hPRGJ9QsUr8ajHkuXGdrHmFUTUUXhDwVX2R5bY4JNZEwbUiMhV+MA==",
      "dev": true
    },
    "platform": {
      "version": "1.3.6",
      "resolved": "https://registry.npmjs.org/platform/-/platform-1.3.6.tgz",
      "integrity": "sha512-fnWVljUchTro6RiCFvCXBbNhJc2NijN7oIQxbwsyL0buWJPG85v81ehlHI9fXrJsMNgTofEoWIQeClKpgxFLrg=="
    }
  }
}
